
Microsoft Visual Studio Solution File, Format Version 12.00
# Visual Studio Version 17
VisualStudioVersion = 17.13.35931.197 d17.13
MinimumVisualStudioVersion = 10.0.40219.1
Project("{FAE04EC0-301F-11D3-BF4B-00C04F79EFBC}") = "Payroll", "Payroll\Payroll.csproj", "{13D1473E-649E-4B93-9835-8AA58D40D4AD}"
EndProject
Global
	GlobalSection(SolutionConfigurationPlatforms) = preSolution
		Debug|Any CPU = Debug|Any CPU
		Release|Any CPU = Release|Any CPU
	EndGlobalSection
	GlobalSection(ProjectConfigurationPlatforms) = postSolution
		{13D1473E-649E-4B93-9835-8AA58D40D4AD}.Debug|Any CPU.ActiveCfg = Debug|Any CPU
		{13D1473E-649E-4B93-9835-8AA58D40D4AD}.Debug|Any CPU.Build.0 = Debug|Any CPU
		{13D1473E-649E-4B93-9835-8AA58D40D4AD}.Release|Any CPU.ActiveCfg = Release|Any CPU
		{13D1473E-649E-4B93-9835-8AA58D40D4AD}.Release|Any CPU.Build.0 = Release|Any CPU
	EndGlobalSection
	GlobalSection(SolutionProperties) = preSolution
		HideSolutionNode = FALSE
	EndGlobalSection
	GlobalSection(ExtensibilityGlobals) = postSolution
		SolutionGuid = {B12F156E-9CE4-4FD0-8C6B-1C775AAA84C3}
	EndGlobalSection
EndGlobal
